{
  "name": "ota-integration-availability-gists",
  "version": "1.0.0",
  "lockfileVersion": 1,
  "requires": true,
  "dependencies": {
    "fast-xml-parser": {
      "version": "4.0.8",
      "requires": {
        "strnum": "^1.0.5"
      }
    },
    "fxp": {
      "version": "0.0.1",
      "resolved": "https://registry.npmjs.org/fxp/-/fxp-0.0.1.tgz",
      "integrity": "sha512-MYSwdfTPXzlHOB4GqjL/vp445H5yItKLxJNTEbw0zDobYiBR4oGHPfKcKSSfZ8zEfgyGxczkzKwvvnkVJV0E9g=="
    },
    "strnum": {
      "version": "1.0.5",
      "resolved": "https://registry.npmjs.org/strnum/-/strnum-1.0.5.tgz",
      "integrity": "sha512-J8bbNyKKXl5qYcR36TIO8W3mVGVHrmmxsd5PAItGkmyzwJvybiw2IVq5nqd0i4LSNSkB/sx9VHllbfFdr9k1JA=="
    }
  }
}
